
Microsoft Visual Studio Solution File, Format Version 12.00
# Visual Studio Version 16
VisualStudioVersion = 16.0.28922.388
MinimumVisualStudioVersion = 10.0.40219.1
Project("{FAE04EC0-301F-11D3-BF4B-00C04F79EFBC}") = "HelloWorld", "HelloWorld\HelloWorld.csproj", "{FF8F2316-28C5-459D-9C30-65CA8719A51A}"
EndProject
Global
	GlobalSection(SolutionConfigurationPlatforms) = preSolution
		Debug|Any CPU = Debug|Any CPU
		Release|Any CPU = Release|Any CPU
	EndGlobalSection
	GlobalSection(ProjectConfigurationPlatforms) = postSolution
		{FF8F2316-28C5-459D-9C30-65CA8719A51A}.Debug|Any CPU.ActiveCfg = Debug|Any CPU
		{FF8F2316-28C5-459D-9C30-65CA8719A51A}.Debug|Any CPU.Build.0 = Debug|Any CPU
		{FF8F2316-28C5-459D-9C30-65CA8719A51A}.Release|Any CPU.ActiveCfg = Release|Any CPU
		{FF8F2316-28C5-459D-9C30-65CA8719A51A}.Release|Any CPU.Build.0 = Release|Any CPU
	EndGlobalSection
	GlobalSection(SolutionProperties) = preSolution
		HideSolutionNode = FALSE
	EndGlobalSection
	GlobalSection(ExtensibilityGlobals) = postSolution
		SolutionGuid = {ECB3C099-DEB5-4579-8BA6-105CE04FBFF8}
	EndGlobalSection
EndGlobal
